// !$*UTF8*$!
{
	archiveVersion = 1;
	classes = {
	};
	objectVersion = 46;
	objects = {

/* Begin PBXBuildFile section */
		7589307D1E95E2950053739E /* main.m in Sources */ = {isa = PBXBuildFile; fileRef = 7589307C1E95E2950053739E /* main.m */; };
		758930801E95E2950053739E /* AppDelegate.m in Sources */ = {isa = PBXBuildFile; fileRef = 7589307F1E95E2950053739E /* AppDelegate.m */; };
		758930831E95E2950053739E /* ViewController.m in Sources */ = {isa = PBXBuildFile; fileRef = 758930821E95E2950053739E /* ViewController.m */; };
		758930861E95E2950053739E /* Main.storyboard in Resources */ = {isa = PBXBuildFile; fileRef = 758930841E95E2950053739E /* Main.storyboard */; };
		758930881E95E2950053739E /* Assets.xcassets in Resources */ = {isa = PBXBuildFile; fileRef = 758930871E95E2950053739E /* Assets.xcassets */; };
		7589308B1E95E2950053739E /* LaunchScreen.storyboard in Resources */ = {isa = PBXBuildFile; fileRef = 758930891E95E2950053739E /* LaunchScreen.storyboard */; };
		758930941E95E2F20053739E /* Reachability.m in Sources */ = {isa = PBXBuildFile; fileRef = 758930931E95E2F20053739E /* Reachability.m */; };
/* End PBXBuildFile section */

/* Begin PBXFileReference section */
		758930781E95E2950053739E /* Internet Connection Check.app */ = {isa = PBXFileReference; explicitFileType = wrapper.application; includeInIndex = 0; path = "Internet Connection Check.app"; sourceTree = BUILT_PRODUCTS_DIR; };
		7589307C1E95E2950053739E /* main.m */ = {isa = PBXFileReference; lastKnownFileType = sourcecode.c.objc; path = main.m; sourceTree = "<group>"; };
		7589307E1E95E2950053739E /* AppDelegate.h */ = {isa = PBXFileReference; lastKnownFileType = sourcecode.c.h; path = AppDelegate.h; sourceTree = "<group>"; };
		7589307F1E95E2950053739E /* AppDelegate.m */ = {isa = PBXFileReference; lastKnownFileType = sourcecode.c.objc; path = AppDelegate.m; sourceTree = "<group>"; };
		758930811E95E2950053739E /* ViewController.h */ = {isa = PBXFileReference; lastKnownFileType = sourcecode.c.h; path = ViewController.h; sourceTree = "<group>"; };
		758930821E95E2950053739E /* ViewController.m */ = {isa = PBXFileReference; lastKnownFileType = sourcecode.c.objc; path = ViewController.m; sourceTree = "<group>"; };
		758930851E95E2950053739E /* Base */ = {isa = PBXFileReference; lastKnownFileType = file.storyboard; name = Base; path = Base.lproj/Main.storyboard; sourceTree = "<group>"; };
		758930871E95E2950053739E /* Assets.xcassets */ = {isa = PBXFileReference; lastKnownFileType = folder.assetcatalog; path = Assets.xcassets; sourceTree = "<group>"; };
		7589308A1E95E2950053739E /* Base */ = {isa = PBXFileReference; lastKnownFileType = file.storyboard; name = Base; path = Base.lproj/LaunchScreen.storyboard; sourceTree = "<group>"; };
		7589308C1E95E2950053739E /* Info.plist */ = {isa = PBXFileReference; lastKnownFileType = text.plist.xml; path = Info.plist; sourceTree = "<group>"; };
		758930921E95E2F20053739E /* Reachability.h */ = {isa = PBXFileReference; fileEncoding = 4; lastKnownFileType = sourcecode.c.h; path = Reachability.h; sourceTree = "<group>"; };
		758930931E95E2F20053739E /* Reachability.m */ = {isa = PBXFileReference; fileEncoding = 4; lastKnownFileType = sourcecode.c.objc; path = Reachability.m; sourceTree = "<group>"; };
/* End PBXFileReference section */

/* Begin PBXFrameworksBuildPhase section */
		758930751E95E2950053739E /* Frameworks */ = {
			isa = PBXFrameworksBuildPhase;
			buildActionMask = 2147483647;
			files = (
			);
			runOnlyForDeploymentPostprocessing = 0;
		};
/* End PBXFrameworksBuildPhase section */

/* Begin PBXGroup section */
		7589306F1E95E2950053739E = {
			isa = PBXGroup;
			children = (
				7589307A1E95E2950053739E /* Internet Connection Check */,
				758930791E95E2950053739E /* Products */,
			);
			sourceTree = "<group>";
		};
		758930791E95E2950053739E /* Products */ = {
			isa = PBXGroup;
			children = (
				758930781E95E2950053739E /* Internet Connection Check.app */,
			);
			name = Products;
			sourceTree = "<group>";
		};
		7589307A1E95E2950053739E /* Internet Connection Check */ = {
			isa = PBXGroup;
			children = (
				758930921E95E2F20053739E /* Reachability.h */,
				758930931E95E2F20053739E /* Reachability.m */,
				7589307E1E95E2950053739E /* AppDelegate.h */,
				7589307F1E95E2950053739E /* AppDelegate.m */,
				758930811E95E2950053739E /* ViewController.h */,
				758930821E95E2950053739E /* ViewController.m */,
				758930841E95E2950053739E /* Main.storyboard */,
				758930871E95E2950053739E /* Assets.xcassets */,
				758930891E95E2950053739E /* LaunchScreen.storyboard */,
				7589308C1E95E2950053739E /* Info.plist */,
				7589307B1E95E2950053739E /* Supporting Files */,
			);
			path = "Internet Connection Check";
			sourceTree = "<group>";
		};
		7589307B1E95E2950053739E /* Supporting Files */ = {
			isa = PBXGroup;
			children = (
				7589307C1E95E2950053739E /* main.m */,
			);
			name = "Supporting Files";
			sourceTree = "<group>";
		};
/* End PBXGroup section */

/* Begin PBXNativeTarget section */
		758930771E95E2950053739E /* Internet Connection Check */ = {
			isa = PBXNativeTarget;
			buildConfigurationList = 7589308F1E95E2950053739E /* Build configuration list for PBXNativeTarget "Internet Connection Check" */;
			buildPhases = (
				758930741E95E2950053739E /* Sources */,
				758930751E95E2950053739E /* Frameworks */,
				758930761E95E2950053739E /* Resources */,
			);
			buildRules = (
			);
			dependencies = (
			);
			name = "Internet Connection Check";
			productName = "Internet Connection Check";
			productReference = 758930781E95E2950053739E /* Internet Connection Check.app */;
			productType = "com.apple.product-type.application";
		};
/* End PBXNativeTarget section */

/* Begin PBXProject section */
		758930701E95E2950053739E /* Project object */ = {
			isa = PBXProject;
			attributes = {
				LastUpgradeCheck = 0810;
				ORGANIZATIONNAME = SpaceWave;
				TargetAttributes = {
					758930771E95E2950053739E = {
						CreatedOnToolsVersion = 8.1;
						DevelopmentTeam = N3ZMGJC77C;
						ProvisioningStyle = Automatic;
					};
				};
			};
			buildConfigurationList = 758930731E95E2950053739E /* Build configuration list for PBXProject "Internet Connection Check" */;
			compatibilityVersion = "Xcode 3.2";
			developmentRegion = English;
			hasScannedForEncodings = 0;
			knownRegions = (
				en,
				Base,
			);
			mainGroup = 7589306F1E95E2950053739E;
			productRefGroup = 758930791E95E2950053739E /* Products */;
			projectDirPath = "";
			projectRoot = "";
			targets = (
				758930771E95E2950053739E /* Internet Connection Check */,
			);
		};
/* End PBXProject section */

/* Begin PBXResourcesBuildPhase section */
		758930761E95E2950053739E /* Resources */ = {
			isa = PBXResourcesBuildPhase;
			buildActionMask = 2147483647;
			files = (
				7589308B1E95E2950053739E /* LaunchScreen.storyboard in Resources */,
				758930881E95E2950053739E /* Assets.xcassets in Resources */,
				758930861E95E2950053739E /* Main.storyboard in Resources */,
			);
			runOnlyForDeploymentPostprocessing = 0;
		};
/* End PBXResourcesBuildPhase section */

/* Begin PBXSourcesBuildPhase section */
		758930741E95E2950053739E /* Sources */ = {
			isa = PBXSourcesBuildPhase;
			buildActionMask = 2147483647;
			files = (
				758930831E95E2950053739E /* ViewController.m in Sources */,
				758930801E95E2950053739E /* AppDelegate.m in Sources */,
				758930941E95E2F20053739E /* Reachability.m in Sources */,
				7589307D1E95E2950053739E /* main.m in Sources */,
			);
			runOnlyForDeploymentPostprocessing = 0;
		};
/* End PBXSourcesBuildPhase section */

/* Begin PBXVariantGroup section */
		758930841E95E2950053739E /* Main.storyboard */ = {
			isa = PBXVariantGroup;
			children = (
				758930851E95E2950053739E /* Base */,
			);
			name = Main.storyboard;
			sourceTree = "<group>";
		};
		758930891E95E2950053739E /* LaunchScreen.storyboard */ = {
			isa = PBXVariantGroup;
			children = (
				7589308A1E95E2950053739E /* Base */,
			);
			name = LaunchScreen.storyboard;
			sourceTree = "<group>";
		};
/* End PBXVariantGroup section */

/* Begin XCBuildConfiguration section */
		7589308D1E95E2950053739E /* Debug */ = {
			isa = XCBuildConfiguration;
			buildSettings = {
				ALWAYS_SEARCH_USER_PATHS = NO;
				CLANG_ANALYZER_NONNULL = YES;
				CLANG_CXX_LANGUAGE_STANDARD = "gnu++0x";
				CLANG_CXX_LIBRARY = "libc++";
				CLANG_ENABLE_MODULES = YES;
				CLANG_ENABLE_OBJC_ARC = YES;
				CLANG_WARN_BOOL_CONVERSION = YES;
				CLANG_WARN_CONSTANT_CONVERSION = YES;
				CLANG_WARN_DIRECT_OBJC_ISA_USAGE = YES_ERROR;
				CLANG_WARN_DOCUMENTATION_COMMENTS = YES;
				CLANG_WARN_EMPTY_BODY = YES;
				CLANG_WARN_ENUM_CONVERSION = YES;
				CLANG_WARN_INFINITE_RECURSION = YES;
				CLANG_WARN_INT_CONVERSION = YES;
				CLANG_WARN_OBJC_ROOT_CLASS = YES_ERROR;
				CLANG_WARN_SUSPICIOUS_MOVES = YES;
				CLANG_WARN_UNREACHABLE_CODE = YES;
				CLANG_WARN__DUPLICATE_METHOD_MATCH = YES;
				"CODE_SIGN_IDENTITY[sdk=iphoneos*]" = "iPhone Developer";
				COPY_PHASE_STRIP = NO;
				DEBUG_INFORMATION_FORMAT = dwarf;
				ENABLE_STRICT_OBJC_MSGSEND = YES;
				ENABLE_TESTABILITY = YES;
				GCC_C_LANGUAGE_STANDARD = gnu99;
				GCC_DYNAMIC_NO_PIC = NO;
				GCC_NO_COMMON_BLOCKS = YES;
				GCC_OPTIMIZATION_LEVEL = 0;
				GCC_PREPROCESSOR_DEFINITIONS = (
					"DEBUG=1",
					"$(inherited)",
				);
				GCC_WARN_64_TO_32_BIT_CONVERSION = YES;
				GCC_WARN_ABOUT_RETURN_TYPE = YES_ERROR;
				GCC_WARN_UNDECLARED_SELECTOR = YES;
				GCC_WARN_UNINITIALIZED_AUTOS = YES_AGGRESSIVE;
				GCC_WARN_UNUSED_FUNCTION = YES;
				GCC_WARN_UNUSED_VARIABLE = YES;
				IPHONEOS_DEPLOYMENT_TARGET = 10.1;
				MTL_ENABLE_DEBUG_INFO = YES;
				ONLY_ACTIVE_ARCH = YES;
				SDKROOT = iphoneos;
				TARGETED_DEVICE_FAMILY = "1,2";
			};
			name = Debug;
		};
		7589308E1E95E2950053739E /* Release */ = {
			isa = XCBuildConfiguration;
			buildSettings = {
				ALWAYS_SEARCH_USER_PATHS = NO;
				CLANG_ANALYZER_NONNULL = YES;
				CLANG_CXX_LANGUAGE_STANDARD = "gnu++0x";
				CLANG_CXX_LIBRARY = "libc++";
				CLANG_ENABLE_MODULES = YES;
				CLANG_ENABLE_OBJC_ARC = YES;
				CLANG_WARN_BOOL_CONVERSION = YES;
				CLANG_WARN_CONSTANT_CONVERSION = YES;
				CLANG_WARN_DIRECT_OBJC_ISA_USAGE = YES_ERROR;
				CLANG_WARN_DOCUMENTATION_COMMENTS = YES;
				CLANG_WARN_EMPTY_BODY = YES;
				CLANG_WARN_ENUM_CONVERSION = YES;
				CLANG_WARN_INFINITE_RECURSION = YES;
				CLANG_WARN_INT_CONVERSION = YES;
				CLANG_WARN_OBJC_ROOT_CLASS = YES_ERROR;
				CLANG_WARN_SUSPICIOUS_MOVES = YES;
				CLANG_WARN_UNREACHABLE_CODE = YES;
				CLANG_WARN__DUPLICATE_METHOD_MATCH = YES;
				"CODE_SIGN_IDENTITY[sdk=iphoneos*]" = "iPhone Developer";
				COPY_PHASE_STRIP = NO;
				DEBUG_INFORMATION_FORMAT = "dwarf-with-dsym";
				ENABLE_NS_ASSERTIONS = NO;
				ENABLE_STRICT_OBJC_MSGSEND = YES;
				GCC_C_LANGUAGE_STANDARD = gnu99;
				GCC_NO_COMMON_BLOCKS = YES;
				GCC_WARN_64_TO_32_BIT_CONVERSION = YES;
				GCC_WARN_ABOUT_RETURN_TYPE = YES_ERROR;
				GCC_WARN_UNDECLARED_SELECTOR = YES;
				GCC_WARN_UNINITIALIZED_AUTOS = YES_AGGRESSIVE;
				GCC_WARN_UNUSED_FUNCTION = YES;
				GCC_WARN_UNUSED_VARIABLE = YES;
				IPHONEOS_DEPLOYMENT_TARGET = 10.1;
				MTL_ENABLE_DEBUG_INFO = NO;
				SDKROOT = iphoneos;
				TARGETED_DEVICE_FAMILY = "1,2";
				VALIDATE_PRODUCT = YES;
			};
			name = Release;
		};
		758930901E95E2950053739E /* Debug */ = {
			isa = XCBuildConfiguration;
			buildSettings = {
				ASSETCATALOG_COMPILER_APPICON_NAME = AppIcon;
				DEVELOPMENT_TEAM = N3ZMGJC77C;
				INFOPLIST_FILE = "Internet Connection Check/Info.plist";
				LD_RUNPATH_SEARCH_PATHS = "$(inherited) @executable_path/Frameworks";
				PRODUCT_BUNDLE_IDENTIFIER = "spacewave.Internet-Connection-Check";
				PRODUCT_NAME = "$(TARGET_NAME)";
			};
			name = Debug;
		};
		758930911E95E2950053739E /* Release */ = {
			isa = XCBuildConfiguration;
			buildSettings = {
				ASSETCATALOG_COMPILER_APPICON_NAME = AppIcon;
				DEVELOPMENT_TEAM = N3ZMGJC77C;
				INFOPLIST_FILE = "Internet Connection Check/Info.plist";
				LD_RUNPATH_SEARCH_PATHS = "$(inherited) @executable_path/Frameworks";
				PRODUCT_BUNDLE_IDENTIFIER = "spacewave.Internet-Connection-Check";
				PRODUCT_NAME = "$(TARGET_NAME)";
			};
			name = Release;
		};
/* End XCBuildConfiguration section */

/* Begin XCConfigurationList section */
		758930731E95E2950053739E /* Build configuration list for PBXProject "Internet Connection Check" */ = {
			isa = XCConfigurationList;
			buildConfigurations = (
				7589308D1E95E2950053739E /* Debug */,
				7589308E1E95E2950053739E /* Release */,
			);
			defaultConfigurationIsVisible = 0;
			defaultConfigurationName = Release;
		};
		7589308F1E95E2950053739E /* Build configuration list for PBXNativeTarget "Internet Connection Check" */ = {
			isa = XCConfigurationList;
			buildConfigurations = (
				758930901E95E2950053739E /* Debug */,
				758930911E95E2950053739E /* Release */,
			);
			defaultConfigurationIsVisible = 0;
		};
/* End XCConfigurationList section */
	};
	rootObject = 758930701E95E2950053739E /* Project object */;
}
